
Microsoft Visual Studio Solution File, Format Version 12.00
# Visual Studio 15
VisualStudioVersion = 15.0.26730.10
MinimumVisualStudioVersion = 10.0.40219.1
Project("{FAE04EC0-301F-11D3-BF4B-00C04F79EFBC}") = "Reform", "Reform\Reform.csproj", "{BB8F3A6B-D68A-4BD6-AA6D-9CD0ABBF653C}"
EndProject
Global
	GlobalSection(SolutionConfigurationPlatforms) = preSolution
		Debug|Any CPU = Debug|Any CPU
		Release|Any CPU = Release|Any CPU
	EndGlobalSection
	GlobalSection(ProjectConfigurationPlatforms) = postSolution
		{BB8F3A6B-D68A-4BD6-AA6D-9CD0ABBF653C}.Debug|Any CPU.ActiveCfg = Debug|Any CPU
		{BB8F3A6B-D68A-4BD6-AA6D-9CD0ABBF653C}.Debug|Any CPU.Build.0 = Debug|Any CPU
		{BB8F3A6B-D68A-4BD6-AA6D-9CD0ABBF653C}.Release|Any CPU.ActiveCfg = Release|Any CPU
		{BB8F3A6B-D68A-4BD6-AA6D-9CD0ABBF653C}.Release|Any CPU.Build.0 = Release|Any CPU
	EndGlobalSection
	GlobalSection(SolutionProperties) = preSolution
		HideSolutionNode = FALSE
	EndGlobalSection
	GlobalSection(ExtensibilityGlobals) = postSolution
		SolutionGuid = {9433BAAB-0C55-46C1-BE5D-7A5139567B05}
	EndGlobalSection
EndGlobal
