
Microsoft Visual Studio Solution File, Format Version 12.00
# Visual Studio 15
VisualStudioVersion = 15.0.26730.10
MinimumVisualStudioVersion = 10.0.40219.1
Project("{FAE04EC0-301F-11D3-BF4B-00C04F79EFBC}") = "Donde", "Donde\Donde.csproj", "{0621865D-A1C3-4728-B442-E6F4006901E2}"
EndProject
Global
	GlobalSection(SolutionConfigurationPlatforms) = preSolution
		Debug|Any CPU = Debug|Any CPU
		Release|Any CPU = Release|Any CPU
	EndGlobalSection
	GlobalSection(ProjectConfigurationPlatforms) = postSolution
		{0621865D-A1C3-4728-B442-E6F4006901E2}.Debug|Any CPU.ActiveCfg = Debug|Any CPU
		{0621865D-A1C3-4728-B442-E6F4006901E2}.Debug|Any CPU.Build.0 = Debug|Any CPU
		{0621865D-A1C3-4728-B442-E6F4006901E2}.Release|Any CPU.ActiveCfg = Release|Any CPU
		{0621865D-A1C3-4728-B442-E6F4006901E2}.Release|Any CPU.Build.0 = Release|Any CPU
	EndGlobalSection
	GlobalSection(SolutionProperties) = preSolution
		HideSolutionNode = FALSE
	EndGlobalSection
	GlobalSection(ExtensibilityGlobals) = postSolution
		SolutionGuid = {A0ADCD62-3588-4892-AA76-3D1BE1DD29CB}
	EndGlobalSection
EndGlobal
